<?xml version="1.0" encoding="utf-8"?>
<Project ToolsVersion="4.0" xmlns="http://schemas.microsoft.com/developer/msbuild/2003">
  <ItemGroup>
    <Filter Include="Source Files">
      <UniqueIdentifier>{4FC737F1-C7A5-4376-A066-2A32D752A2FF}</UniqueIdentifier>
      <Extensions>cpp;cxx;c;def</Extensions>
    </Filter>
    <Filter Include="Header Files">
      <UniqueIdentifier>{93995380-89BD-4b04-88EB-625FBE52EBFB}</UniqueIdentifier>
      <Extensions>h</Extensions>
    </Filter>
    <Filter Include="Form Files">
      <UniqueIdentifier>{99349809-55BA-4b9d-BF79-8FDBB0286EB3}</UniqueIdentifier>
      <Extensions>ui</Extensions>
    </Filter>
    <Filter Include="Resource Files">
      <UniqueIdentifier>{D9D6E242-F8AF-46E4-B9FD-80ECBC20BA3E}</UniqueIdentifier>
      <Extensions>qrc;*</Extensions>
      <ParseFiles>false</ParseFiles>
    </Filter>
    <Filter Include="Generated Files">
      <UniqueIdentifier>{71ED8ED8-ACB9-4CE9-BBE1-E00B30144E11}</UniqueIdentifier>
      <Extensions>moc;h;cpp</Extensions>
      <SourceControlFiles>False</SourceControlFiles>
    </Filter>
    <Filter Include="Generated Files\Debug">
      <UniqueIdentifier>{0363e222-a068-4011-afee-148a8d810f30}</UniqueIdentifier>
      <Extensions>cpp;moc</Extensions>
      <SourceControlFiles>False</SourceControlFiles>
    </Filter>
    <Filter Include="Generated Files\Release">
      <UniqueIdentifier>{e8ca0b0d-ebf7-4f26-a259-f900835cc3a8}</UniqueIdentifier>
      <Extensions>cpp;moc</Extensions>
      <SourceControlFiles>False</SourceControlFiles>
    </Filter>
    <Filter Include="Header Files\Managers">
      <UniqueIdentifier>{ddc8265f-c567-4456-b404-6c872b873099}</UniqueIdentifier>
    </Filter>
    <Filter Include="Source Files\Managers">
      <UniqueIdentifier>{281e3ad3-e681-47b0-9cec-c898baa6e35f}</UniqueIdentifier>
    </Filter>
    <Filter Include="Header Files\Utils">
      <UniqueIdentifier>{0ffc4d11-4f14-4616-90d0-a5a5263b2e3b}</UniqueIdentifier>
    </Filter>
    <Filter Include="Header Files\Callbacks">
      <UniqueIdentifier>{23d47e98-d2c6-4d04-9c97-5a4594871077}</UniqueIdentifier>
    </Filter>
    <Filter Include="Source Files\Callbacks">
      <UniqueIdentifier>{bd27c88c-bb08-477b-9fe4-1debfb87ab51}</UniqueIdentifier>
    </Filter>
    <Filter Include="Source Files\Options">
      <UniqueIdentifier>{603e9176-9297-4375-9f6f-a8282b157bb8}</UniqueIdentifier>
    </Filter>
    <Filter Include="Header Files\Options">
      <UniqueIdentifier>{1ccb51e3-498b-4902-911b-5efe336b2ed1}</UniqueIdentifier>
    </Filter>
    <Filter Include="Header Files\Widgets">
      <UniqueIdentifier>{9f8b6638-f71e-48ff-93f1-e17210691aa8}</UniqueIdentifier>
    </Filter>
    <Filter Include="Source Files\Widgets">
      <UniqueIdentifier>{685195f3-101e-47bc-b467-3ad3fa463ff6}</UniqueIdentifier>
    </Filter>
  </ItemGroup>
  <ItemGroup>
    <ClCompile Include="main.cpp">
      <Filter>Source Files</Filter>
    </ClCompile>
    <ClCompile Include="MainWindow.cpp">
      <Filter>Source Files</Filter>
    </ClCompile>
    <ClCompile Include="..\build\Qt\GeneratedFiles\Debug\moc_MainWindow.cpp">
      <Filter>Generated Files\Debug</Filter>
    </ClCompile>
    <ClCompile Include="..\build\Qt\GeneratedFiles\Release\moc_MainWindow.cpp">
      <Filter>Generated Files\Release</Filter>
    </ClCompile>
    <ClCompile Include="..\build\Qt\GeneratedFiles\qrc_MainWindow.cpp">
      <Filter>Generated Files</Filter>
    </ClCompile>
    <ClCompile Include="GVSInitializer.cpp">
      <Filter>Source Files</Filter>
    </ClCompile>
    <ClCompile Include="GVSSettings.cpp">
      <Filter>Source Files</Filter>
    </ClCompile>
    <ClCompile Include="GVSApplicationCore.cpp">
      <Filter>Source Files</Filter>
    </ClCompile>
    <ClCompile Include="Managers\vtkObjectsManager.cpp">
      <Filter>Source Files\Managers</Filter>
    </ClCompile>
    <ClCompile Include="Managers\vtkSceneManager.cpp">
      <Filter>Source Files\Managers</Filter>
    </ClCompile>
    <ClCompile Include="Callbacks\vtkBoxClipCallback.cpp">
      <Filter>Source Files\Callbacks</Filter>
    </ClCompile>
    <ClCompile Include="..\build\Qt\GeneratedFiles\Debug\moc_CubeAxesOption.cpp">
      <Filter>Generated Files\Debug</Filter>
    </ClCompile>
    <ClCompile Include="..\build\Qt\GeneratedFiles\Release\moc_CubeAxesOption.cpp">
      <Filter>Generated Files\Release</Filter>
    </ClCompile>
    <ClCompile Include="Options\CubeAxesOption.cpp">
      <Filter>Source Files\Options</Filter>
    </ClCompile>
    <ClCompile Include="..\build\Qt\GeneratedFiles\Debug\moc_LightOption.cpp">
      <Filter>Generated Files\Debug</Filter>
    </ClCompile>
    <ClCompile Include="..\build\Qt\GeneratedFiles\Release\moc_LightOption.cpp">
      <Filter>Generated Files\Release</Filter>
    </ClCompile>
    <ClCompile Include="Options\LightOption.cpp">
      <Filter>Source Files\Options</Filter>
    </ClCompile>
    <ClCompile Include="..\build\Qt\GeneratedFiles\Debug\moc_StdExplode.cpp">
      <Filter>Generated Files\Debug</Filter>
    </ClCompile>
    <ClCompile Include="..\build\Qt\GeneratedFiles\Release\moc_StdExplode.cpp">
      <Filter>Generated Files\Release</Filter>
    </ClCompile>
    <ClCompile Include="Options\StdExplode.cpp">
      <Filter>Source Files\Options</Filter>
    </ClCompile>
    <ClCompile Include="GVSDoc.cpp">
      <Filter>Source Files</Filter>
    </ClCompile>
    <ClCompile Include="..\build\Qt\GeneratedFiles\Debug\moc_GVSDoc.cpp">
      <Filter>Generated Files\Debug</Filter>
    </ClCompile>
    <ClCompile Include="..\build\Qt\GeneratedFiles\Release\moc_GVSDoc.cpp">
      <Filter>Generated Files\Release</Filter>
    </ClCompile>
    <ClCompile Include="..\build\Qt\GeneratedFiles\Debug\moc_ColorLegendManager.cpp">
      <Filter>Generated Files\Debug</Filter>
    </ClCompile>
    <ClCompile Include="..\build\Qt\GeneratedFiles\Release\moc_ColorLegendManager.cpp">
      <Filter>Generated Files\Release</Filter>
    </ClCompile>
    <ClCompile Include="Managers\ColorLegendManager.cpp">
      <Filter>Source Files\Managers</Filter>
    </ClCompile>
    <ClCompile Include="Widgets\LegendRecord.cpp">
      <Filter>Source Files\Widgets</Filter>
    </ClCompile>
  </ItemGroup>
  <ItemGroup>
    <CustomBuild Include="MainWindow.h">
      <Filter>Header Files</Filter>
    </CustomBuild>
    <CustomBuild Include="MainWindow.ui">
      <Filter>Form Files</Filter>
    </CustomBuild>
    <CustomBuild Include="MainWindow.qrc">
      <Filter>Resource Files</Filter>
    </CustomBuild>
    <CustomBuild Include="Options\CubeAxesOption.ui">
      <Filter>Form Files</Filter>
    </CustomBuild>
    <CustomBuild Include="Options\CubeAxesOption.h">
      <Filter>Header Files\Options</Filter>
    </CustomBuild>
    <CustomBuild Include="Options\LightOption.ui">
      <Filter>Form Files</Filter>
    </CustomBuild>
    <CustomBuild Include="Options\LightOption.h">
      <Filter>Header Files\Options</Filter>
    </CustomBuild>
    <CustomBuild Include="Options\StdExplode.h">
      <Filter>Header Files\Options</Filter>
    </CustomBuild>
    <CustomBuild Include="Options\StdExplode.ui">
      <Filter>Form Files</Filter>
    </CustomBuild>
    <CustomBuild Include="GVSDoc.h">
      <Filter>Header Files</Filter>
    </CustomBuild>
    <CustomBuild Include="Managers\ColorLegendManager.h">
      <Filter>Header Files\Managers</Filter>
    </CustomBuild>
  </ItemGroup>
  <ItemGroup>
    <ClInclude Include="..\build\Qt\GeneratedFiles\ui_MainWindow.h">
      <Filter>Generated Files</Filter>
    </ClInclude>
    <ClInclude Include="GVSInitializer.h">
      <Filter>Header Files</Filter>
    </ClInclude>
    <ClInclude Include="GVSSettings.h">
      <Filter>Header Files</Filter>
    </ClInclude>
    <ClInclude Include="GVSApplicationCore.h">
      <Filter>Header Files</Filter>
    </ClInclude>
    <ClInclude Include="Utils\vtkTotallyInclude.h">
      <Filter>Header Files\Utils</Filter>
    </ClInclude>
    <ClInclude Include="Managers\vtkObjectsManager.h">
      <Filter>Header Files\Managers</Filter>
    </ClInclude>
    <ClInclude Include="Managers\vtkSceneManager.h">
      <Filter>Header Files\Managers</Filter>
    </ClInclude>
    <ClInclude Include="Callbacks\vtkBoxClipCallback.h">
      <Filter>Header Files\Callbacks</Filter>
    </ClInclude>
    <ClInclude Include="Callbacks\vtkPlaneClipCallback.h">
      <Filter>Header Files\Callbacks</Filter>
    </ClInclude>
    <ClInclude Include="..\build\Qt\GeneratedFiles\ui_CubeAxesOption.h">
      <Filter>Generated Files</Filter>
    </ClInclude>
    <ClInclude Include="..\build\Qt\GeneratedFiles\ui_LightOption.h">
      <Filter>Generated Files</Filter>
    </ClInclude>
    <ClInclude Include="..\build\Qt\GeneratedFiles\ui_StdExplode.h">
      <Filter>Generated Files</Filter>
    </ClInclude>
    <ClInclude Include="Widgets\LegendRecord.h">
      <Filter>Header Files\Widgets</Filter>
    </ClInclude>
  </ItemGroup>
</Project>