<?xml version="1.0" encoding="utf-8"?>
<Project ToolsVersion="4.0" xmlns="http://schemas.microsoft.com/developer/msbuild/2003">
  <ItemGroup>
    <Filter Include="Source Files">
      <UniqueIdentifier>{4FC737F1-C7A5-4376-A066-2A32D752A2FF}</UniqueIdentifier>
      <Extensions>cpp;cxx;c;def</Extensions>
    </Filter>
    <Filter Include="Header Files">
      <UniqueIdentifier>{93995380-89BD-4b04-88EB-625FBE52EBFB}</UniqueIdentifier>
      <Extensions>h</Extensions>
    </Filter>
    <Filter Include="Form Files">
      <UniqueIdentifier>{99349809-55BA-4b9d-BF79-8FDBB0286EB3}</UniqueIdentifier>
      <Extensions>ui</Extensions>
    </Filter>
    <Filter Include="Resource Files">
      <UniqueIdentifier>{D9D6E242-F8AF-46E4-B9FD-80ECBC20BA3E}</UniqueIdentifier>
      <Extensions>qrc;*</Extensions>
      <ParseFiles>false</ParseFiles>
    </Filter>
    <Filter Include="Generated Files">
      <UniqueIdentifier>{71ED8ED8-ACB9-4CE9-BBE1-E00B30144E11}</UniqueIdentifier>
      <Extensions>moc;h;cpp</Extensions>
      <SourceControlFiles>False</SourceControlFiles>
    </Filter>
    <Filter Include="Generated Files\Debug">
      <UniqueIdentifier>{0363e222-a068-4011-afee-148a8d810f30}</UniqueIdentifier>
      <Extensions>cpp;moc</Extensions>
      <SourceControlFiles>False</SourceControlFiles>
    </Filter>
    <Filter Include="Generated Files\Release">
      <UniqueIdentifier>{e8ca0b0d-ebf7-4f26-a259-f900835cc3a8}</UniqueIdentifier>
      <Extensions>cpp;moc</Extensions>
      <SourceControlFiles>False</SourceControlFiles>
    </Filter>
    <Filter Include="Header Files\Managers">
      <UniqueIdentifier>{ddc8265f-c567-4456-b404-6c872b873099}</UniqueIdentifier>
    </Filter>
    <Filter Include="Source Files\Managers">
      <UniqueIdentifier>{281e3ad3-e681-47b0-9cec-c898baa6e35f}</UniqueIdentifier>
    </Filter>
    <Filter Include="Header Files\Utils">
      <UniqueIdentifier>{0ffc4d11-4f14-4616-90d0-a5a5263b2e3b}</UniqueIdentifier>
    </Filter>
    <Filter Include="Header Files\Callbacks">
      <UniqueIdentifier>{23d47e98-d2c6-4d04-9c97-5a4594871077}</UniqueIdentifier>
    </Filter>
    <Filter Include="Source Files\Callbacks">
      <UniqueIdentifier>{bd27c88c-bb08-477b-9fe4-1debfb87ab51}</UniqueIdentifier>
    </Filter>
    <Filter Include="Header Files\Records">
      <UniqueIdentifier>{9f8b6638-f71e-48ff-93f1-e17210691aa8}</UniqueIdentifier>
    </Filter>
    <Filter Include="Header Files\Dialogs">
      <UniqueIdentifier>{64985d4f-51f4-43ab-b1bb-9e3c8bf7b464}</UniqueIdentifier>
    </Filter>
    <Filter Include="Form Files\Dialogs">
      <UniqueIdentifier>{34dec912-1dfc-4c7c-87fc-eb3c30dce46e}</UniqueIdentifier>
    </Filter>
    <Filter Include="Form Files\Dialogs\Options">
      <UniqueIdentifier>{0beda84e-ea7e-47ed-af60-10c6fa0c5e85}</UniqueIdentifier>
    </Filter>
    <Filter Include="Form Files\Dialogs\Options\ColorLegend">
      <UniqueIdentifier>{8da9492b-f7f5-45ad-b729-31fed7fc5968}</UniqueIdentifier>
    </Filter>
    <Filter Include="Header Files\Dialogs\Options">
      <UniqueIdentifier>{1ccb51e3-498b-4902-911b-5efe336b2ed1}</UniqueIdentifier>
    </Filter>
    <Filter Include="Header Files\Dialogs\Options\ColorLegend">
      <UniqueIdentifier>{fa2ac704-f6b3-4335-8c40-bf3b3dffa43e}</UniqueIdentifier>
    </Filter>
    <Filter Include="Source Files\Dialogs">
      <UniqueIdentifier>{a30c0e01-16a9-4ac6-aa9c-c7ca362d1441}</UniqueIdentifier>
    </Filter>
    <Filter Include="Source Files\Dialogs\Options">
      <UniqueIdentifier>{603e9176-9297-4375-9f6f-a8282b157bb8}</UniqueIdentifier>
    </Filter>
    <Filter Include="Source Files\Dialogs\Options\ColorLegend">
      <UniqueIdentifier>{30d2bba1-350b-4efb-b17c-1ce8005e1362}</UniqueIdentifier>
    </Filter>
    <Filter Include="Source Files\Records">
      <UniqueIdentifier>{685195f3-101e-47bc-b467-3ad3fa463ff6}</UniqueIdentifier>
    </Filter>
    <Filter Include="Source Files\Dialogs\Transportation">
      <UniqueIdentifier>{432d918a-1d0c-43c5-9321-27ae96264f4c}</UniqueIdentifier>
    </Filter>
    <Filter Include="Header Files\Dialogs\Transportation">
      <UniqueIdentifier>{c61d2032-caa6-4ba3-986b-744caea61781}</UniqueIdentifier>
    </Filter>
    <Filter Include="Form Files\Dialogs\Transportation">
      <UniqueIdentifier>{5e98e223-8353-4ece-b692-92fa2ef88c55}</UniqueIdentifier>
    </Filter>
  </ItemGroup>
  <ItemGroup>
    <ClCompile Include="main.cpp">
      <Filter>Source Files</Filter>
    </ClCompile>
    <ClCompile Include="MainWindow.cpp">
      <Filter>Source Files</Filter>
    </ClCompile>
    <ClCompile Include="..\build\Qt\GeneratedFiles\Debug\moc_MainWindow.cpp">
      <Filter>Generated Files\Debug</Filter>
    </ClCompile>
    <ClCompile Include="..\build\Qt\GeneratedFiles\Release\moc_MainWindow.cpp">
      <Filter>Generated Files\Release</Filter>
    </ClCompile>
    <ClCompile Include="..\build\Qt\GeneratedFiles\qrc_MainWindow.cpp">
      <Filter>Generated Files</Filter>
    </ClCompile>
    <ClCompile Include="GVSInitializer.cpp">
      <Filter>Source Files</Filter>
    </ClCompile>
    <ClCompile Include="GVSSettings.cpp">
      <Filter>Source Files</Filter>
    </ClCompile>
    <ClCompile Include="GVSApplicationCore.cpp">
      <Filter>Source Files</Filter>
    </ClCompile>
    <ClCompile Include="Managers\vtkObjectsManager.cpp">
      <Filter>Source Files\Managers</Filter>
    </ClCompile>
    <ClCompile Include="Managers\vtkSceneManager.cpp">
      <Filter>Source Files\Managers</Filter>
    </ClCompile>
    <ClCompile Include="Callbacks\vtkBoxClipCallback.cpp">
      <Filter>Source Files\Callbacks</Filter>
    </ClCompile>
    <ClCompile Include="..\build\Qt\GeneratedFiles\Debug\moc_CubeAxesOption.cpp">
      <Filter>Generated Files\Debug</Filter>
    </ClCompile>
    <ClCompile Include="..\build\Qt\GeneratedFiles\Release\moc_CubeAxesOption.cpp">
      <Filter>Generated Files\Release</Filter>
    </ClCompile>
    <ClCompile Include="Options\CubeAxesOption.cpp">
      <Filter>Source Files\Dialogs\Options</Filter>
    </ClCompile>
    <ClCompile Include="..\build\Qt\GeneratedFiles\Debug\moc_LightOption.cpp">
      <Filter>Generated Files\Debug</Filter>
    </ClCompile>
    <ClCompile Include="..\build\Qt\GeneratedFiles\Release\moc_LightOption.cpp">
      <Filter>Generated Files\Release</Filter>
    </ClCompile>
    <ClCompile Include="Options\LightOption.cpp">
      <Filter>Source Files\Dialogs\Options</Filter>
    </ClCompile>
    <ClCompile Include="..\build\Qt\GeneratedFiles\Debug\moc_StdExplode.cpp">
      <Filter>Generated Files\Debug</Filter>
    </ClCompile>
    <ClCompile Include="..\build\Qt\GeneratedFiles\Release\moc_StdExplode.cpp">
      <Filter>Generated Files\Release</Filter>
    </ClCompile>
    <ClCompile Include="Options\StdExplode.cpp">
      <Filter>Source Files\Dialogs\Options</Filter>
    </ClCompile>
    <ClCompile Include="GVSDoc.cpp">
      <Filter>Source Files</Filter>
    </ClCompile>
    <ClCompile Include="..\build\Qt\GeneratedFiles\Debug\moc_GVSDoc.cpp">
      <Filter>Generated Files\Debug</Filter>
    </ClCompile>
    <ClCompile Include="..\build\Qt\GeneratedFiles\Release\moc_GVSDoc.cpp">
      <Filter>Generated Files\Release</Filter>
    </ClCompile>
    <ClCompile Include="..\build\Qt\GeneratedFiles\Debug\moc_ColorLegendManager.cpp">
      <Filter>Generated Files\Debug</Filter>
    </ClCompile>
    <ClCompile Include="..\build\Qt\GeneratedFiles\Release\moc_ColorLegendManager.cpp">
      <Filter>Generated Files\Release</Filter>
    </ClCompile>
    <ClCompile Include="Managers\ColorLegendManager.cpp">
      <Filter>Source Files\Managers</Filter>
    </ClCompile>
    <ClCompile Include="..\build\Qt\GeneratedFiles\Debug\moc_ColorLegendEditor.cpp">
      <Filter>Generated Files\Debug</Filter>
    </ClCompile>
    <ClCompile Include="..\build\Qt\GeneratedFiles\Release\moc_ColorLegendEditor.cpp">
      <Filter>Generated Files\Release</Filter>
    </ClCompile>
    <ClCompile Include="..\build\Qt\GeneratedFiles\Debug\moc_LegendItemAddtion.cpp">
      <Filter>Generated Files\Debug</Filter>
    </ClCompile>
    <ClCompile Include="..\build\Qt\GeneratedFiles\Release\moc_LegendItemAddtion.cpp">
      <Filter>Generated Files\Release</Filter>
    </ClCompile>
    <ClCompile Include="Options\ColorLegendEditor.cpp">
      <Filter>Source Files\Dialogs\Options\ColorLegend</Filter>
    </ClCompile>
    <ClCompile Include="Options\LegendItemAddtion.cpp">
      <Filter>Source Files\Dialogs\Options\ColorLegend</Filter>
    </ClCompile>
    <ClCompile Include="..\build\Qt\GeneratedFiles\Debug\moc_TransportationManager.cpp">
      <Filter>Generated Files\Debug</Filter>
    </ClCompile>
    <ClCompile Include="..\build\Qt\GeneratedFiles\Release\moc_TransportationManager.cpp">
      <Filter>Generated Files\Release</Filter>
    </ClCompile>
    <ClCompile Include="Managers\TransportationManager.cpp">
      <Filter>Source Files\Managers</Filter>
    </ClCompile>
    <ClCompile Include="..\build\Qt\GeneratedFiles\Debug\moc_ConnectServerDialog.cpp">
      <Filter>Generated Files\Debug</Filter>
    </ClCompile>
    <ClCompile Include="..\build\Qt\GeneratedFiles\Release\moc_ConnectServerDialog.cpp">
      <Filter>Generated Files\Release</Filter>
    </ClCompile>
    <ClCompile Include="Records\LegendRecord.cpp">
      <Filter>Source Files\Records</Filter>
    </ClCompile>
    <ClCompile Include="..\build\Qt\GeneratedFiles\Debug\moc_DownloadProjectDialog.cpp">
      <Filter>Generated Files\Debug</Filter>
    </ClCompile>
    <ClCompile Include="..\build\Qt\GeneratedFiles\Release\moc_DownloadProjectDialog.cpp">
      <Filter>Generated Files\Release</Filter>
    </ClCompile>
    <ClCompile Include="..\build\Qt\GeneratedFiles\Debug\moc_UploadProjectDialog.cpp">
      <Filter>Generated Files\Debug</Filter>
    </ClCompile>
    <ClCompile Include="..\build\Qt\GeneratedFiles\Release\moc_UploadProjectDialog.cpp">
      <Filter>Generated Files\Release</Filter>
    </ClCompile>
    <ClCompile Include="Dialog\ConnectServerDialog.cpp">
      <Filter>Source Files\Dialogs\Transportation</Filter>
    </ClCompile>
    <ClCompile Include="Dialog\DownloadProjectDialog.cpp">
      <Filter>Source Files\Dialogs\Transportation</Filter>
    </ClCompile>
    <ClCompile Include="Dialog\UploadProjectDialog.cpp">
      <Filter>Source Files\Dialogs\Transportation</Filter>
    </ClCompile>
  </ItemGroup>
  <ItemGroup>
    <CustomBuild Include="MainWindow.h">
      <Filter>Header Files</Filter>
    </CustomBuild>
    <CustomBuild Include="MainWindow.ui">
      <Filter>Form Files</Filter>
    </CustomBuild>
    <CustomBuild Include="MainWindow.qrc">
      <Filter>Resource Files</Filter>
    </CustomBuild>
    <CustomBuild Include="Options\CubeAxesOption.h">
      <Filter>Header Files\Dialogs\Options</Filter>
    </CustomBuild>
    <CustomBuild Include="Options\LightOption.h">
      <Filter>Header Files\Dialogs\Options</Filter>
    </CustomBuild>
    <CustomBuild Include="Options\StdExplode.h">
      <Filter>Header Files\Dialogs\Options</Filter>
    </CustomBuild>
    <CustomBuild Include="GVSDoc.h">
      <Filter>Header Files</Filter>
    </CustomBuild>
    <CustomBuild Include="Managers\ColorLegendManager.h">
      <Filter>Header Files\Managers</Filter>
    </CustomBuild>
    <CustomBuild Include="Options\ColorLegendEditor.ui">
      <Filter>Form Files\Dialogs\Options\ColorLegend</Filter>
    </CustomBuild>
    <CustomBuild Include="Options\LegendItemAddtion.ui">
      <Filter>Form Files\Dialogs\Options\ColorLegend</Filter>
    </CustomBuild>
    <CustomBuild Include="Options\CubeAxesOption.ui">
      <Filter>Form Files\Dialogs\Options</Filter>
    </CustomBuild>
    <CustomBuild Include="Options\LightOption.ui">
      <Filter>Form Files\Dialogs\Options</Filter>
    </CustomBuild>
    <CustomBuild Include="Options\StdExplode.ui">
      <Filter>Form Files\Dialogs\Options</Filter>
    </CustomBuild>
    <CustomBuild Include="Options\ColorLegendEditor.h">
      <Filter>Header Files\Dialogs\Options\ColorLegend</Filter>
    </CustomBuild>
    <CustomBuild Include="Options\LegendItemAddtion.h">
      <Filter>Header Files\Dialogs\Options\ColorLegend</Filter>
    </CustomBuild>
    <CustomBuild Include="Managers\TransportationManager.h">
      <Filter>Header Files\Managers</Filter>
    </CustomBuild>
    <CustomBuild Include="Dialog\ConnectServerDialog.h">
      <Filter>Header Files\Dialogs\Transportation</Filter>
    </CustomBuild>
    <CustomBuild Include="Dialog\DownloadProjectDialog.h">
      <Filter>Header Files\Dialogs\Transportation</Filter>
    </CustomBuild>
    <CustomBuild Include="Dialog\UploadProjectDialog.h">
      <Filter>Header Files\Dialogs\Transportation</Filter>
    </CustomBuild>
    <CustomBuild Include="Dialog\ConnectServerDialog.ui">
      <Filter>Form Files\Dialogs\Transportation</Filter>
    </CustomBuild>
    <CustomBuild Include="Dialog\DownloadProjectDialog.ui">
      <Filter>Form Files\Dialogs\Transportation</Filter>
    </CustomBuild>
    <CustomBuild Include="Dialog\UploadProjectDialog.ui">
      <Filter>Form Files\Dialogs\Transportation</Filter>
    </CustomBuild>
  </ItemGroup>
  <ItemGroup>
    <ClInclude Include="..\build\Qt\GeneratedFiles\ui_MainWindow.h">
      <Filter>Generated Files</Filter>
    </ClInclude>
    <ClInclude Include="GVSInitializer.h">
      <Filter>Header Files</Filter>
    </ClInclude>
    <ClInclude Include="GVSSettings.h">
      <Filter>Header Files</Filter>
    </ClInclude>
    <ClInclude Include="GVSApplicationCore.h">
      <Filter>Header Files</Filter>
    </ClInclude>
    <ClInclude Include="Utils\vtkTotallyInclude.h">
      <Filter>Header Files\Utils</Filter>
    </ClInclude>
    <ClInclude Include="Managers\vtkObjectsManager.h">
      <Filter>Header Files\Managers</Filter>
    </ClInclude>
    <ClInclude Include="Managers\vtkSceneManager.h">
      <Filter>Header Files\Managers</Filter>
    </ClInclude>
    <ClInclude Include="Callbacks\vtkBoxClipCallback.h">
      <Filter>Header Files\Callbacks</Filter>
    </ClInclude>
    <ClInclude Include="Callbacks\vtkPlaneClipCallback.h">
      <Filter>Header Files\Callbacks</Filter>
    </ClInclude>
    <ClInclude Include="..\build\Qt\GeneratedFiles\ui_CubeAxesOption.h">
      <Filter>Generated Files</Filter>
    </ClInclude>
    <ClInclude Include="..\build\Qt\GeneratedFiles\ui_LightOption.h">
      <Filter>Generated Files</Filter>
    </ClInclude>
    <ClInclude Include="..\build\Qt\GeneratedFiles\ui_StdExplode.h">
      <Filter>Generated Files</Filter>
    </ClInclude>
    <ClInclude Include="..\build\Qt\GeneratedFiles\ui_ColorLegendEditor.h">
      <Filter>Generated Files</Filter>
    </ClInclude>
    <ClInclude Include="..\build\Qt\GeneratedFiles\ui_LegendItemAddtion.h">
      <Filter>Generated Files</Filter>
    </ClInclude>
    <ClInclude Include="..\build\Qt\GeneratedFiles\ui_ConnectServerDialog.h">
      <Filter>Generated Files</Filter>
    </ClInclude>
    <ClInclude Include="Records\ConnectionRecord.h">
      <Filter>Header Files\Records</Filter>
    </ClInclude>
    <ClInclude Include="Records\LegendRecord.h">
      <Filter>Header Files\Records</Filter>
    </ClInclude>
    <ClInclude Include="..\build\Qt\GeneratedFiles\ui_DownloadProjectDialog.h">
      <Filter>Generated Files</Filter>
    </ClInclude>
    <ClInclude Include="..\build\Qt\GeneratedFiles\ui_UploadProjectDialog.h">
      <Filter>Generated Files</Filter>
    </ClInclude>
  </ItemGroup>
</Project>